// !$*UTF8*$!
{
	archiveVersion = 1;
	classes = {
	};
	objectVersion = 51;
	objects = {

/* Begin PBXBuildFile section */
		A3FD86F2C6AD85836B9D75E5 /* Pods_myVK.framework in Frameworks */ = {isa = PBXBuildFile; fileRef = 66121758FEF81DE061304C0F /* Pods_myVK.framework */; };
		D705F44D2789ADB300561700 /* NetworkService.swift in Sources */ = {isa = PBXBuildFile; fileRef = D705F44C2789ADB300561700 /* NetworkService.swift */; };
		D705F44F2789AE8C00561700 /* API.swift in Sources */ = {isa = PBXBuildFile; fileRef = D705F44E2789AE8C00561700 /* API.swift */; };
		D705F4522789F4AF00561700 /* FeedResponse.swift in Sources */ = {isa = PBXBuildFile; fileRef = D705F4512789F4AF00561700 /* FeedResponse.swift */; };
		D705F4542789F7AF00561700 /* NetworkDataFetching.swift in Sources */ = {isa = PBXBuildFile; fileRef = D705F4532789F7AF00561700 /* NetworkDataFetching.swift */; };
		D705F45D278A048700561700 /* NewsfeedPresenter.swift in Sources */ = {isa = PBXBuildFile; fileRef = D705F456278A048700561700 /* NewsfeedPresenter.swift */; };
		D705F45E278A048700561700 /* NewsfeedWorker.swift in Sources */ = {isa = PBXBuildFile; fileRef = D705F457278A048700561700 /* NewsfeedWorker.swift */; };
		D705F45F278A048700561700 /* NewsfeedRouter.swift in Sources */ = {isa = PBXBuildFile; fileRef = D705F458278A048700561700 /* NewsfeedRouter.swift */; };
		D705F460278A048700561700 /* NewsfeedModels.swift in Sources */ = {isa = PBXBuildFile; fileRef = D705F459278A048700561700 /* NewsfeedModels.swift */; };
		D705F461278A048700561700 /* NewsfeedViewController.swift in Sources */ = {isa = PBXBuildFile; fileRef = D705F45A278A048700561700 /* NewsfeedViewController.swift */; };
		D705F462278A048700561700 /* NewsfeedInteractor.swift in Sources */ = {isa = PBXBuildFile; fileRef = D705F45B278A048700561700 /* NewsfeedInteractor.swift */; };
		D705F465278A0BD200561700 /* NewsfeedViewController.storyboard in Resources */ = {isa = PBXBuildFile; fileRef = D705F464278A0BD200561700 /* NewsfeedViewController.storyboard */; };
		D705F468278A11F900561700 /* NewsfeedCell.swift in Sources */ = {isa = PBXBuildFile; fileRef = D705F467278A11F900561700 /* NewsfeedCell.swift */; };
		D705F46A278A122A00561700 /* NewsfeedCell.xib in Resources */ = {isa = PBXBuildFile; fileRef = D705F469278A122A00561700 /* NewsfeedCell.xib */; };
		D705F46C278B193C00561700 /* WebImageView.swift in Sources */ = {isa = PBXBuildFile; fileRef = D705F46B278B193C00561700 /* WebImageView.swift */; };
		D7855C44278505080090D651 /* UIViewController + Storyboard.swift in Sources */ = {isa = PBXBuildFile; fileRef = D7855C43278505080090D651 /* UIViewController + Storyboard.swift */; };
		D7A1D04F278359F600BF5DD2 /* AppDelegate.swift in Sources */ = {isa = PBXBuildFile; fileRef = D7A1D04E278359F600BF5DD2 /* AppDelegate.swift */; };
		D7A1D058278359FA00BF5DD2 /* Assets.xcassets in Resources */ = {isa = PBXBuildFile; fileRef = D7A1D057278359FA00BF5DD2 /* Assets.xcassets */; };
		D7A1D05B278359FA00BF5DD2 /* LaunchScreen.storyboard in Resources */ = {isa = PBXBuildFile; fileRef = D7A1D059278359FA00BF5DD2 /* LaunchScreen.storyboard */; };
		D7A1D06927835FA100BF5DD2 /* AuthService.swift in Sources */ = {isa = PBXBuildFile; fileRef = D7A1D06827835FA100BF5DD2 /* AuthService.swift */; };
		D7A1D071278379A700BF5DD2 /* AuthViewController.swift in Sources */ = {isa = PBXBuildFile; fileRef = D7A1D070278379A700BF5DD2 /* AuthViewController.swift */; };
		D7A1D074278379BA00BF5DD2 /* AuthViewController.storyboard in Resources */ = {isa = PBXBuildFile; fileRef = D7A1D073278379BA00BF5DD2 /* AuthViewController.storyboard */; };
/* End PBXBuildFile section */

/* Begin PBXFileReference section */
		27629D3ED1ABFF4254EAC856 /* Pods-myVK.release.xcconfig */ = {isa = PBXFileReference; includeInIndex = 1; lastKnownFileType = text.xcconfig; name = "Pods-myVK.release.xcconfig"; path = "Target Support Files/Pods-myVK/Pods-myVK.release.xcconfig"; sourceTree = "<group>"; };
		66121758FEF81DE061304C0F /* Pods_myVK.framework */ = {isa = PBXFileReference; explicitFileType = wrapper.framework; includeInIndex = 0; path = Pods_myVK.framework; sourceTree = BUILT_PRODUCTS_DIR; };
		76364106912BE486C10447B7 /* Pods-myVK.debug.xcconfig */ = {isa = PBXFileReference; includeInIndex = 1; lastKnownFileType = text.xcconfig; name = "Pods-myVK.debug.xcconfig"; path = "Target Support Files/Pods-myVK/Pods-myVK.debug.xcconfig"; sourceTree = "<group>"; };
		D705F44C2789ADB300561700 /* NetworkService.swift */ = {isa = PBXFileReference; lastKnownFileType = sourcecode.swift; path = NetworkService.swift; sourceTree = "<group>"; };
		D705F44E2789AE8C00561700 /* API.swift */ = {isa = PBXFileReference; lastKnownFileType = sourcecode.swift; path = API.swift; sourceTree = "<group>"; };
		D705F4512789F4AF00561700 /* FeedResponse.swift */ = {isa = PBXFileReference; lastKnownFileType = sourcecode.swift; path = FeedResponse.swift; sourceTree = "<group>"; };
		D705F4532789F7AF00561700 /* NetworkDataFetching.swift */ = {isa = PBXFileReference; lastKnownFileType = sourcecode.swift; path = NetworkDataFetching.swift; sourceTree = "<group>"; };
		D705F456278A048700561700 /* NewsfeedPresenter.swift */ = {isa = PBXFileReference; lastKnownFileType = sourcecode.swift; path = NewsfeedPresenter.swift; sourceTree = "<group>"; };
		D705F457278A048700561700 /* NewsfeedWorker.swift */ = {isa = PBXFileReference; lastKnownFileType = sourcecode.swift; path = NewsfeedWorker.swift; sourceTree = "<group>"; };
		D705F458278A048700561700 /* NewsfeedRouter.swift */ = {isa = PBXFileReference; lastKnownFileType = sourcecode.swift; path = NewsfeedRouter.swift; sourceTree = "<group>"; };
		D705F459278A048700561700 /* NewsfeedModels.swift */ = {isa = PBXFileReference; lastKnownFileType = sourcecode.swift; path = NewsfeedModels.swift; sourceTree = "<group>"; };
		D705F45A278A048700561700 /* NewsfeedViewController.swift */ = {isa = PBXFileReference; lastKnownFileType = sourcecode.swift; path = NewsfeedViewController.swift; sourceTree = "<group>"; };
		D705F45B278A048700561700 /* NewsfeedInteractor.swift */ = {isa = PBXFileReference; lastKnownFileType = sourcecode.swift; path = NewsfeedInteractor.swift; sourceTree = "<group>"; };
		D705F464278A0BD200561700 /* NewsfeedViewController.storyboard */ = {isa = PBXFileReference; lastKnownFileType = file.storyboard; path = NewsfeedViewController.storyboard; sourceTree = "<group>"; };
		D705F467278A11F900561700 /* NewsfeedCell.swift */ = {isa = PBXFileReference; lastKnownFileType = sourcecode.swift; path = NewsfeedCell.swift; sourceTree = "<group>"; };
		D705F469278A122A00561700 /* NewsfeedCell.xib */ = {isa = PBXFileReference; lastKnownFileType = file.xib; path = NewsfeedCell.xib; sourceTree = "<group>"; };
		D705F46B278B193C00561700 /* WebImageView.swift */ = {isa = PBXFileReference; lastKnownFileType = sourcecode.swift; path = WebImageView.swift; sourceTree = "<group>"; };
		D7855C43278505080090D651 /* UIViewController + Storyboard.swift */ = {isa = PBXFileReference; lastKnownFileType = sourcecode.swift; path = "UIViewController + Storyboard.swift"; sourceTree = "<group>"; };
		D7A1D04B278359F600BF5DD2 /* myVK.app */ = {isa = PBXFileReference; explicitFileType = wrapper.application; includeInIndex = 0; path = myVK.app; sourceTree = BUILT_PRODUCTS_DIR; };
		D7A1D04E278359F600BF5DD2 /* AppDelegate.swift */ = {isa = PBXFileReference; lastKnownFileType = sourcecode.swift; path = AppDelegate.swift; sourceTree = "<group>"; };
		D7A1D057278359FA00BF5DD2 /* Assets.xcassets */ = {isa = PBXFileReference; lastKnownFileType = folder.assetcatalog; path = Assets.xcassets; sourceTree = "<group>"; };
		D7A1D05A278359FA00BF5DD2 /* Base */ = {isa = PBXFileReference; lastKnownFileType = file.storyboard; name = Base; path = Base.lproj/LaunchScreen.storyboard; sourceTree = "<group>"; };
		D7A1D05C278359FA00BF5DD2 /* Info.plist */ = {isa = PBXFileReference; lastKnownFileType = text.plist.xml; path = Info.plist; sourceTree = "<group>"; };
		D7A1D06827835FA100BF5DD2 /* AuthService.swift */ = {isa = PBXFileReference; lastKnownFileType = sourcecode.swift; path = AuthService.swift; sourceTree = "<group>"; };
		D7A1D070278379A700BF5DD2 /* AuthViewController.swift */ = {isa = PBXFileReference; lastKnownFileType = sourcecode.swift; path = AuthViewController.swift; sourceTree = "<group>"; };
		D7A1D073278379BA00BF5DD2 /* AuthViewController.storyboard */ = {isa = PBXFileReference; lastKnownFileType = file.storyboard; path = AuthViewController.storyboard; sourceTree = "<group>"; };
/* End PBXFileReference section */

/* Begin PBXFrameworksBuildPhase section */
		D7A1D048278359F600BF5DD2 /* Frameworks */ = {
			isa = PBXFrameworksBuildPhase;
			buildActionMask = 2147483647;
			files = (
				A3FD86F2C6AD85836B9D75E5 /* Pods_myVK.framework in Frameworks */,
			);
			runOnlyForDeploymentPostprocessing = 0;
		};
/* End PBXFrameworksBuildPhase section */

/* Begin PBXGroup section */
		8148A117D999453910F70595 /* Frameworks */ = {
			isa = PBXGroup;
			children = (
				66121758FEF81DE061304C0F /* Pods_myVK.framework */,
			);
			name = Frameworks;
			sourceTree = "<group>";
		};
		8C9B437C075ABAFDA4758461 /* Pods */ = {
			isa = PBXGroup;
			children = (
				76364106912BE486C10447B7 /* Pods-myVK.debug.xcconfig */,
				27629D3ED1ABFF4254EAC856 /* Pods-myVK.release.xcconfig */,
			);
			path = Pods;
			sourceTree = "<group>";
		};
		D705F4502789F49400561700 /* Models */ = {
			isa = PBXGroup;
			children = (
				D705F4512789F4AF00561700 /* FeedResponse.swift */,
			);
			path = Models;
			sourceTree = "<group>";
		};
		D705F455278A046300561700 /* Newsfeed */ = {
			isa = PBXGroup;
			children = (
				D705F466278A11D100561700 /* Cell */,
				D705F464278A0BD200561700 /* NewsfeedViewController.storyboard */,
				D705F45A278A048700561700 /* NewsfeedViewController.swift */,
				D705F45B278A048700561700 /* NewsfeedInteractor.swift */,
				D705F456278A048700561700 /* NewsfeedPresenter.swift */,
				D705F459278A048700561700 /* NewsfeedModels.swift */,
				D705F457278A048700561700 /* NewsfeedWorker.swift */,
				D705F458278A048700561700 /* NewsfeedRouter.swift */,
			);
			path = Newsfeed;
			sourceTree = "<group>";
		};
		D705F466278A11D100561700 /* Cell */ = {
			isa = PBXGroup;
			children = (
				D705F467278A11F900561700 /* NewsfeedCell.swift */,
				D705F469278A122A00561700 /* NewsfeedCell.xib */,
			);
			path = Cell;
			sourceTree = "<group>";
		};
		D7855C47278505230090D651 /* Helpers */ = {
			isa = PBXGroup;
			children = (
				D7855C43278505080090D651 /* UIViewController + Storyboard.swift */,
				D705F46B278B193C00561700 /* WebImageView.swift */,
			);
			path = Helpers;
			sourceTree = "<group>";
		};
		D7A1D042278359F600BF5DD2 = {
			isa = PBXGroup;
			children = (
				D7A1D04D278359F600BF5DD2 /* myVK */,
				D7A1D04C278359F600BF5DD2 /* Products */,
				8C9B437C075ABAFDA4758461 /* Pods */,
				8148A117D999453910F70595 /* Frameworks */,
			);
			sourceTree = "<group>";
		};
		D7A1D04C278359F600BF5DD2 /* Products */ = {
			isa = PBXGroup;
			children = (
				D7A1D04B278359F600BF5DD2 /* myVK.app */,
			);
			name = Products;
			sourceTree = "<group>";
		};
		D7A1D04D278359F600BF5DD2 /* myVK */ = {
			isa = PBXGroup;
			children = (
				D705F455278A046300561700 /* Newsfeed */,
				D705F4502789F49400561700 /* Models */,
				D7A1D04E278359F600BF5DD2 /* AppDelegate.swift */,
				D7A1D076278379CB00BF5DD2 /* Authintication */,
				D7A1D06B27835FA900BF5DD2 /* Services */,
				D7855C47278505230090D651 /* Helpers */,
				D7A1D057278359FA00BF5DD2 /* Assets.xcassets */,
				D7A1D059278359FA00BF5DD2 /* LaunchScreen.storyboard */,
				D7A1D05C278359FA00BF5DD2 /* Info.plist */,
			);
			path = myVK;
			sourceTree = "<group>";
		};
		D7A1D06B27835FA900BF5DD2 /* Services */ = {
			isa = PBXGroup;
			children = (
				D7A1D06827835FA100BF5DD2 /* AuthService.swift */,
				D705F44C2789ADB300561700 /* NetworkService.swift */,
				D705F44E2789AE8C00561700 /* API.swift */,
				D705F4532789F7AF00561700 /* NetworkDataFetching.swift */,
			);
			path = Services;
			sourceTree = "<group>";
		};
		D7A1D076278379CB00BF5DD2 /* Authintication */ = {
			isa = PBXGroup;
			children = (
				D7A1D070278379A700BF5DD2 /* AuthViewController.swift */,
				D7A1D073278379BA00BF5DD2 /* AuthViewController.storyboard */,
			);
			path = Authintication;
			sourceTree = "<group>";
		};
/* End PBXGroup section */

/* Begin PBXNativeTarget section */
		D7A1D04A278359F600BF5DD2 /* myVK */ = {
			isa = PBXNativeTarget;
			buildConfigurationList = D7A1D05F278359FA00BF5DD2 /* Build configuration list for PBXNativeTarget "myVK" */;
			buildPhases = (
				96135F444DCF1D66B359FE37 /* [CP] Check Pods Manifest.lock */,
				D7A1D047278359F600BF5DD2 /* Sources */,
				D7A1D048278359F600BF5DD2 /* Frameworks */,
				D7A1D049278359F600BF5DD2 /* Resources */,
				AD3398AB4A52A5F2067AC6A8 /* [CP] Embed Pods Frameworks */,
			);
			buildRules = (
			);
			dependencies = (
			);
			name = myVK;
			productName = myVK;
			productReference = D7A1D04B278359F600BF5DD2 /* myVK.app */;
			productType = "com.apple.product-type.application";
		};
/* End PBXNativeTarget section */

/* Begin PBXProject section */
		D7A1D043278359F600BF5DD2 /* Project object */ = {
			isa = PBXProject;
			attributes = {
				LastSwiftUpdateCheck = 1240;
				LastUpgradeCheck = 1240;
				TargetAttributes = {
					D7A1D04A278359F600BF5DD2 = {
						CreatedOnToolsVersion = 12.4;
					};
				};
			};
			buildConfigurationList = D7A1D046278359F600BF5DD2 /* Build configuration list for PBXProject "myVK" */;
			compatibilityVersion = "Xcode 9.3";
			developmentRegion = en;
			hasScannedForEncodings = 0;
			knownRegions = (
				en,
				Base,
			);
			mainGroup = D7A1D042278359F600BF5DD2;
			productRefGroup = D7A1D04C278359F600BF5DD2 /* Products */;
			projectDirPath = "";
			projectRoot = "";
			targets = (
				D7A1D04A278359F600BF5DD2 /* myVK */,
			);
		};
/* End PBXProject section */

/* Begin PBXResourcesBuildPhase section */
		D7A1D049278359F600BF5DD2 /* Resources */ = {
			isa = PBXResourcesBuildPhase;
			buildActionMask = 2147483647;
			files = (
				D7A1D05B278359FA00BF5DD2 /* LaunchScreen.storyboard in Resources */,
				D7A1D074278379BA00BF5DD2 /* AuthViewController.storyboard in Resources */,
				D705F465278A0BD200561700 /* NewsfeedViewController.storyboard in Resources */,
				D705F46A278A122A00561700 /* NewsfeedCell.xib in Resources */,
				D7A1D058278359FA00BF5DD2 /* Assets.xcassets in Resources */,
			);
			runOnlyForDeploymentPostprocessing = 0;
		};
/* End PBXResourcesBuildPhase section */

/* Begin PBXShellScriptBuildPhase section */
		96135F444DCF1D66B359FE37 /* [CP] Check Pods Manifest.lock */ = {
			isa = PBXShellScriptBuildPhase;
			buildActionMask = 2147483647;
			files = (
			);
			inputFileListPaths = (
			);
			inputPaths = (
				"${PODS_PODFILE_DIR_PATH}/Podfile.lock",
				"${PODS_ROOT}/Manifest.lock",
			);
			name = "[CP] Check Pods Manifest.lock";
			outputFileListPaths = (
			);
			outputPaths = (
				"$(DERIVED_FILE_DIR)/Pods-myVK-checkManifestLockResult.txt",
			);
			runOnlyForDeploymentPostprocessing = 0;
			shellPath = /bin/sh;
			shellScript = "diff \"${PODS_PODFILE_DIR_PATH}/Podfile.lock\" \"${PODS_ROOT}/Manifest.lock\" > /dev/null\nif [ $? != 0 ] ; then\n    # print error to STDERR\n    echo \"error: The sandbox is not in sync with the Podfile.lock. Run 'pod install' or update your CocoaPods installation.\" >&2\n    exit 1\nfi\n# This output is used by Xcode 'outputs' to avoid re-running this script phase.\necho \"SUCCESS\" > \"${SCRIPT_OUTPUT_FILE_0}\"\n";
			showEnvVarsInLog = 0;
		};
		AD3398AB4A52A5F2067AC6A8 /* [CP] Embed Pods Frameworks */ = {
			isa = PBXShellScriptBuildPhase;
			buildActionMask = 2147483647;
			files = (
			);
			inputFileListPaths = (
				"${PODS_ROOT}/Target Support Files/Pods-myVK/Pods-myVK-frameworks-${CONFIGURATION}-input-files.xcfilelist",
			);
			name = "[CP] Embed Pods Frameworks";
			outputFileListPaths = (
				"${PODS_ROOT}/Target Support Files/Pods-myVK/Pods-myVK-frameworks-${CONFIGURATION}-output-files.xcfilelist",
			);
			runOnlyForDeploymentPostprocessing = 0;
			shellPath = /bin/sh;
			shellScript = "\"${PODS_ROOT}/Target Support Files/Pods-myVK/Pods-myVK-frameworks.sh\"\n";
			showEnvVarsInLog = 0;
		};
/* End PBXShellScriptBuildPhase section */

/* Begin PBXSourcesBuildPhase section */
		D7A1D047278359F600BF5DD2 /* Sources */ = {
			isa = PBXSourcesBuildPhase;
			buildActionMask = 2147483647;
			files = (
				D705F4522789F4AF00561700 /* FeedResponse.swift in Sources */,
				D705F461278A048700561700 /* NewsfeedViewController.swift in Sources */,
				D7855C44278505080090D651 /* UIViewController + Storyboard.swift in Sources */,
				D705F45D278A048700561700 /* NewsfeedPresenter.swift in Sources */,
				D7A1D06927835FA100BF5DD2 /* AuthService.swift in Sources */,
				D705F45F278A048700561700 /* NewsfeedRouter.swift in Sources */,
				D7A1D071278379A700BF5DD2 /* AuthViewController.swift in Sources */,
				D705F44D2789ADB300561700 /* NetworkService.swift in Sources */,
				D705F460278A048700561700 /* NewsfeedModels.swift in Sources */,
				D705F46C278B193C00561700 /* WebImageView.swift in Sources */,
				D7A1D04F278359F600BF5DD2 /* AppDelegate.swift in Sources */,
				D705F45E278A048700561700 /* NewsfeedWorker.swift in Sources */,
				D705F4542789F7AF00561700 /* NetworkDataFetching.swift in Sources */,
				D705F44F2789AE8C00561700 /* API.swift in Sources */,
				D705F468278A11F900561700 /* NewsfeedCell.swift in Sources */,
				D705F462278A048700561700 /* NewsfeedInteractor.swift in Sources */,
			);
			runOnlyForDeploymentPostprocessing = 0;
		};
/* End PBXSourcesBuildPhase section */

/* Begin PBXVariantGroup section */
		D7A1D059278359FA00BF5DD2 /* LaunchScreen.storyboard */ = {
			isa = PBXVariantGroup;
			children = (
				D7A1D05A278359FA00BF5DD2 /* Base */,
			);
			name = LaunchScreen.storyboard;
			sourceTree = "<group>";
		};
/* End PBXVariantGroup section */

/* Begin XCBuildConfiguration section */
		D7A1D05D278359FA00BF5DD2 /* Debug */ = {
			isa = XCBuildConfiguration;
			buildSettings = {
				ALWAYS_SEARCH_USER_PATHS = NO;
				CLANG_ANALYZER_NONNULL = YES;
				CLANG_ANALYZER_NUMBER_OBJECT_CONVERSION = YES_AGGRESSIVE;
				CLANG_CXX_LANGUAGE_STANDARD = "gnu++14";
				CLANG_CXX_LIBRARY = "libc++";
				CLANG_ENABLE_MODULES = YES;
				CLANG_ENABLE_OBJC_ARC = YES;
				CLANG_ENABLE_OBJC_WEAK = YES;
				CLANG_WARN_BLOCK_CAPTURE_AUTORELEASING = YES;
				CLANG_WARN_BOOL_CONVERSION = YES;
				CLANG_WARN_COMMA = YES;
				CLANG_WARN_CONSTANT_CONVERSION = YES;
				CLANG_WARN_DEPRECATED_OBJC_IMPLEMENTATIONS = YES;
				CLANG_WARN_DIRECT_OBJC_ISA_USAGE = YES_ERROR;
				CLANG_WARN_DOCUMENTATION_COMMENTS = YES;
				CLANG_WARN_EMPTY_BODY = YES;
				CLANG_WARN_ENUM_CONVERSION = YES;
				CLANG_WARN_INFINITE_RECURSION = YES;
				CLANG_WARN_INT_CONVERSION = YES;
				CLANG_WARN_NON_LITERAL_NULL_CONVERSION = YES;
				CLANG_WARN_OBJC_IMPLICIT_RETAIN_SELF = YES;
				CLANG_WARN_OBJC_LITERAL_CONVERSION = YES;
				CLANG_WARN_OBJC_ROOT_CLASS = YES_ERROR;
				CLANG_WARN_QUOTED_INCLUDE_IN_FRAMEWORK_HEADER = YES;
				CLANG_WARN_RANGE_LOOP_ANALYSIS = YES;
				CLANG_WARN_STRICT_PROTOTYPES = YES;
				CLANG_WARN_SUSPICIOUS_MOVE = YES;
				CLANG_WARN_UNGUARDED_AVAILABILITY = YES_AGGRESSIVE;
				CLANG_WARN_UNREACHABLE_CODE = YES;
				CLANG_WARN__DUPLICATE_METHOD_MATCH = YES;
				COPY_PHASE_STRIP = NO;
				DEBUG_INFORMATION_FORMAT = dwarf;
				ENABLE_STRICT_OBJC_MSGSEND = YES;
				ENABLE_TESTABILITY = YES;
				GCC_C_LANGUAGE_STANDARD = gnu11;
				GCC_DYNAMIC_NO_PIC = NO;
				GCC_NO_COMMON_BLOCKS = YES;
				GCC_OPTIMIZATION_LEVEL = 0;
				GCC_PREPROCESSOR_DEFINITIONS = (
					"DEBUG=1",
					"$(inherited)",
				);
				GCC_WARN_64_TO_32_BIT_CONVERSION = YES;
				GCC_WARN_ABOUT_RETURN_TYPE = YES_ERROR;
				GCC_WARN_UNDECLARED_SELECTOR = YES;
				GCC_WARN_UNINITIALIZED_AUTOS = YES_AGGRESSIVE;
				GCC_WARN_UNUSED_FUNCTION = YES;
				GCC_WARN_UNUSED_VARIABLE = YES;
				IPHONEOS_DEPLOYMENT_TARGET = 14.4;
				MTL_ENABLE_DEBUG_INFO = INCLUDE_SOURCE;
				MTL_FAST_MATH = YES;
				ONLY_ACTIVE_ARCH = YES;
				SDKROOT = iphoneos;
				SWIFT_ACTIVE_COMPILATION_CONDITIONS = DEBUG;
				SWIFT_OPTIMIZATION_LEVEL = "-Onone";
			};
			name = Debug;
		};
		D7A1D05E278359FA00BF5DD2 /* Release */ = {
			isa = XCBuildConfiguration;
			buildSettings = {
				ALWAYS_SEARCH_USER_PATHS = NO;
				CLANG_ANALYZER_NONNULL = YES;
				CLANG_ANALYZER_NUMBER_OBJECT_CONVERSION = YES_AGGRESSIVE;
				CLANG_CXX_LANGUAGE_STANDARD = "gnu++14";
				CLANG_CXX_LIBRARY = "libc++";
				CLANG_ENABLE_MODULES = YES;
				CLANG_ENABLE_OBJC_ARC = YES;
				CLANG_ENABLE_OBJC_WEAK = YES;
				CLANG_WARN_BLOCK_CAPTURE_AUTORELEASING = YES;
				CLANG_WARN_BOOL_CONVERSION = YES;
				CLANG_WARN_COMMA = YES;
				CLANG_WARN_CONSTANT_CONVERSION = YES;
				CLANG_WARN_DEPRECATED_OBJC_IMPLEMENTATIONS = YES;
				CLANG_WARN_DIRECT_OBJC_ISA_USAGE = YES_ERROR;
				CLANG_WARN_DOCUMENTATION_COMMENTS = YES;
				CLANG_WARN_EMPTY_BODY = YES;
				CLANG_WARN_ENUM_CONVERSION = YES;
				CLANG_WARN_INFINITE_RECURSION = YES;
				CLANG_WARN_INT_CONVERSION = YES;
				CLANG_WARN_NON_LITERAL_NULL_CONVERSION = YES;
				CLANG_WARN_OBJC_IMPLICIT_RETAIN_SELF = YES;
				CLANG_WARN_OBJC_LITERAL_CONVERSION = YES;
				CLANG_WARN_OBJC_ROOT_CLASS = YES_ERROR;
				CLANG_WARN_QUOTED_INCLUDE_IN_FRAMEWORK_HEADER = YES;
				CLANG_WARN_RANGE_LOOP_ANALYSIS = YES;
				CLANG_WARN_STRICT_PROTOTYPES = YES;
				CLANG_WARN_SUSPICIOUS_MOVE = YES;
				CLANG_WARN_UNGUARDED_AVAILABILITY = YES_AGGRESSIVE;
				CLANG_WARN_UNREACHABLE_CODE = YES;
				CLANG_WARN__DUPLICATE_METHOD_MATCH = YES;
				COPY_PHASE_STRIP = NO;
				DEBUG_INFORMATION_FORMAT = "dwarf-with-dsym";
				ENABLE_NS_ASSERTIONS = NO;
				ENABLE_STRICT_OBJC_MSGSEND = YES;
				GCC_C_LANGUAGE_STANDARD = gnu11;
				GCC_NO_COMMON_BLOCKS = YES;
				GCC_WARN_64_TO_32_BIT_CONVERSION = YES;
				GCC_WARN_ABOUT_RETURN_TYPE = YES_ERROR;
				GCC_WARN_UNDECLARED_SELECTOR = YES;
				GCC_WARN_UNINITIALIZED_AUTOS = YES_AGGRESSIVE;
				GCC_WARN_UNUSED_FUNCTION = YES;
				GCC_WARN_UNUSED_VARIABLE = YES;
				IPHONEOS_DEPLOYMENT_TARGET = 14.4;
				MTL_ENABLE_DEBUG_INFO = NO;
				MTL_FAST_MATH = YES;
				SDKROOT = iphoneos;
				SWIFT_COMPILATION_MODE = wholemodule;
				SWIFT_OPTIMIZATION_LEVEL = "-O";
				VALIDATE_PRODUCT = YES;
			};
			name = Release;
		};
		D7A1D060278359FA00BF5DD2 /* Debug */ = {
			isa = XCBuildConfiguration;
			baseConfigurationReference = 76364106912BE486C10447B7 /* Pods-myVK.debug.xcconfig */;
			buildSettings = {
				ASSETCATALOG_COMPILER_APPICON_NAME = AppIcon;
				ASSETCATALOG_COMPILER_GLOBAL_ACCENT_COLOR_NAME = AccentColor;
				CODE_SIGN_STYLE = Automatic;
				DEVELOPMENT_TEAM = 3M9TNH7XM2;
				INFOPLIST_FILE = myVK/Info.plist;
				IPHONEOS_DEPLOYMENT_TARGET = 14.4;
				LD_RUNPATH_SEARCH_PATHS = (
					"$(inherited)",
					"@executable_path/Frameworks",
				);
				PRODUCT_BUNDLE_IDENTIFIER = DevDev.myVK;
				PRODUCT_NAME = "$(TARGET_NAME)";
				SWIFT_VERSION = 5.0;
				TARGETED_DEVICE_FAMILY = "1,2";
			};
			name = Debug;
		};
		D7A1D061278359FA00BF5DD2 /* Release */ = {
			isa = XCBuildConfiguration;
			baseConfigurationReference = 27629D3ED1ABFF4254EAC856 /* Pods-myVK.release.xcconfig */;
			buildSettings = {
				ASSETCATALOG_COMPILER_APPICON_NAME = AppIcon;
				ASSETCATALOG_COMPILER_GLOBAL_ACCENT_COLOR_NAME = AccentColor;
				CODE_SIGN_STYLE = Automatic;
				DEVELOPMENT_TEAM = 3M9TNH7XM2;
				INFOPLIST_FILE = myVK/Info.plist;
				IPHONEOS_DEPLOYMENT_TARGET = 14.4;
				LD_RUNPATH_SEARCH_PATHS = (
					"$(inherited)",
					"@executable_path/Frameworks",
				);
				PRODUCT_BUNDLE_IDENTIFIER = DevDev.myVK;
				PRODUCT_NAME = "$(TARGET_NAME)";
				SWIFT_VERSION = 5.0;
				TARGETED_DEVICE_FAMILY = "1,2";
			};
			name = Release;
		};
/* End XCBuildConfiguration section */

/* Begin XCConfigurationList section */
		D7A1D046278359F600BF5DD2 /* Build configuration list for PBXProject "myVK" */ = {
			isa = XCConfigurationList;
			buildConfigurations = (
				D7A1D05D278359FA00BF5DD2 /* Debug */,
				D7A1D05E278359FA00BF5DD2 /* Release */,
			);
			defaultConfigurationIsVisible = 0;
			defaultConfigurationName = Release;
		};
		D7A1D05F278359FA00BF5DD2 /* Build configuration list for PBXNativeTarget "myVK" */ = {
			isa = XCConfigurationList;
			buildConfigurations = (
				D7A1D060278359FA00BF5DD2 /* Debug */,
				D7A1D061278359FA00BF5DD2 /* Release */,
			);
			defaultConfigurationIsVisible = 0;
			defaultConfigurationName = Release;
		};
/* End XCConfigurationList section */
	};
	rootObject = D7A1D043278359F600BF5DD2 /* Project object */;
}
